
Microsoft Visual Studio Solution File, Format Version 12.00
# Visual Studio 15
VisualStudioVersion = 15.0.28010.2016
MinimumVisualStudioVersion = 10.0.40219.1
Project("{FAE04EC0-301F-11D3-BF4B-00C04F79EFBC}") = "OSMImporter", "OSMImporter\OSMImporter.csproj", "{B6BAB66E-0AE4-4D0A-AF57-4E69CBB5DB8F}"
EndProject
Project("{FAE04EC0-301F-11D3-BF4B-00C04F79EFBC}") = "OverpassAPI", "OverpassAPI\OverpassAPI.csproj", "{0669C189-2CDB-43A9-8F8E-7A5E6EBE1FEE}"
EndProject
Global
	GlobalSection(SolutionConfigurationPlatforms) = preSolution
		Debug|Any CPU = Debug|Any CPU
		Release|Any CPU = Release|Any CPU
	EndGlobalSection
	GlobalSection(ProjectConfigurationPlatforms) = postSolution
		{B6BAB66E-0AE4-4D0A-AF57-4E69CBB5DB8F}.Debug|Any CPU.ActiveCfg = Debug|Any CPU
		{B6BAB66E-0AE4-4D0A-AF57-4E69CBB5DB8F}.Debug|Any CPU.Build.0 = Debug|Any CPU
		{B6BAB66E-0AE4-4D0A-AF57-4E69CBB5DB8F}.Release|Any CPU.ActiveCfg = Release|Any CPU
		{B6BAB66E-0AE4-4D0A-AF57-4E69CBB5DB8F}.Release|Any CPU.Build.0 = Release|Any CPU
		{0669C189-2CDB-43A9-8F8E-7A5E6EBE1FEE}.Debug|Any CPU.ActiveCfg = Debug|Any CPU
		{0669C189-2CDB-43A9-8F8E-7A5E6EBE1FEE}.Debug|Any CPU.Build.0 = Debug|Any CPU
		{0669C189-2CDB-43A9-8F8E-7A5E6EBE1FEE}.Release|Any CPU.ActiveCfg = Release|Any CPU
		{0669C189-2CDB-43A9-8F8E-7A5E6EBE1FEE}.Release|Any CPU.Build.0 = Release|Any CPU
	EndGlobalSection
	GlobalSection(SolutionProperties) = preSolution
		HideSolutionNode = FALSE
	EndGlobalSection
	GlobalSection(ExtensibilityGlobals) = postSolution
		SolutionGuid = {CF3EA6E8-9A71-4A05-84C5-D83C3D43A7E5}
	EndGlobalSection
EndGlobal
